
Microsoft Visual Studio Solution File, Format Version 10.00
# Visual Studio 2008
Project("{8BC9CEB8-8B4A-11D0-8D11-00A0C91BC942}") = "CppUtils", "CppUtils\CppUtils.vcproj", "{9E4D8D21-449E-4CDD-B5F6-613652A7F153}"
EndProject
Global
	GlobalSection(SolutionConfigurationPlatforms) = preSolution
		Debug|Win32 = Debug|Win32
		Release|Win32 = Release|Win32
	EndGlobalSection
	GlobalSection(ProjectConfigurationPlatforms) = postSolution
		{9E4D8D21-449E-4CDD-B5F6-613652A7F153}.Debug|Win32.ActiveCfg = Debug|Win32
		{9E4D8D21-449E-4CDD-B5F6-613652A7F153}.Debug|Win32.Build.0 = Debug|Win32
		{9E4D8D21-449E-4CDD-B5F6-613652A7F153}.Release|Win32.ActiveCfg = Release|Win32
		{9E4D8D21-449E-4CDD-B5F6-613652A7F153}.Release|Win32.Build.0 = Release|Win32
	EndGlobalSection
	GlobalSection(SolutionProperties) = preSolution
		HideSolutionNode = FALSE
	EndGlobalSection
EndGlobal
